
Microsoft Visual Studio Solution File, Format Version 12.00
# Visual Studio Version 16
VisualStudioVersion = 16.0.30907.101
MinimumVisualStudioVersion = 10.0.40219.1
Project("{9A19103F-16F7-4668-BE54-9A1E7A4F7556}") = "BlazorApp", "BlazorApp\BlazorApp.csproj", "{CADACD7D-070D-401D-AB03-92FF5DD682E7}"
EndProject
Project("{9A19103F-16F7-4668-BE54-9A1E7A4F7556}") = "SupportLibrary", "SupportLibrary\SupportLibrary.csproj", "{93100CFE-B3BE-4DC9-985A-BFA7E2A407AD}"
EndProject
Project("{00D1A9C2-B5F0-4AF3-8072-F6C62B433612}") = "AuthenticationDatabase", "AuthenticationDatabase\AuthenticationDatabase.sqlproj", "{835A6620-A5B7-43FF-A84C-5738F2369228}"
EndProject
Global
	GlobalSection(SolutionConfigurationPlatforms) = preSolution
		Debug|Any CPU = Debug|Any CPU
		Release|Any CPU = Release|Any CPU
	EndGlobalSection
	GlobalSection(ProjectConfigurationPlatforms) = postSolution
		{CADACD7D-070D-401D-AB03-92FF5DD682E7}.Debug|Any CPU.ActiveCfg = Debug|Any CPU
		{CADACD7D-070D-401D-AB03-92FF5DD682E7}.Debug|Any CPU.Build.0 = Debug|Any CPU
		{CADACD7D-070D-401D-AB03-92FF5DD682E7}.Release|Any CPU.ActiveCfg = Release|Any CPU
		{CADACD7D-070D-401D-AB03-92FF5DD682E7}.Release|Any CPU.Build.0 = Release|Any CPU
		{93100CFE-B3BE-4DC9-985A-BFA7E2A407AD}.Debug|Any CPU.ActiveCfg = Debug|Any CPU
		{93100CFE-B3BE-4DC9-985A-BFA7E2A407AD}.Debug|Any CPU.Build.0 = Debug|Any CPU
		{93100CFE-B3BE-4DC9-985A-BFA7E2A407AD}.Release|Any CPU.ActiveCfg = Release|Any CPU
		{93100CFE-B3BE-4DC9-985A-BFA7E2A407AD}.Release|Any CPU.Build.0 = Release|Any CPU
		{835A6620-A5B7-43FF-A84C-5738F2369228}.Debug|Any CPU.ActiveCfg = Debug|Any CPU
		{835A6620-A5B7-43FF-A84C-5738F2369228}.Debug|Any CPU.Build.0 = Debug|Any CPU
		{835A6620-A5B7-43FF-A84C-5738F2369228}.Debug|Any CPU.Deploy.0 = Debug|Any CPU
		{835A6620-A5B7-43FF-A84C-5738F2369228}.Release|Any CPU.ActiveCfg = Release|Any CPU
		{835A6620-A5B7-43FF-A84C-5738F2369228}.Release|Any CPU.Build.0 = Release|Any CPU
		{835A6620-A5B7-43FF-A84C-5738F2369228}.Release|Any CPU.Deploy.0 = Release|Any CPU
	EndGlobalSection
	GlobalSection(SolutionProperties) = preSolution
		HideSolutionNode = FALSE
	EndGlobalSection
	GlobalSection(ExtensibilityGlobals) = postSolution
		SolutionGuid = {082CF46A-96BA-4606-895A-B215BF63EDD1}
	EndGlobalSection
EndGlobal
